
Microsoft Visual Studio Solution File, Format Version 12.00
# Visual Studio Version 16
VisualStudioVersion = 16.0.31702.278
MinimumVisualStudioVersion = 10.0.40219.1
Project("{FAE04EC0-301F-11D3-BF4B-00C04F79EFBC}") = "WpfAppTestAPIClient", "WpfAppTestAPIClient\WpfAppTestAPIClient.csproj", "{A963A0FD-3D8C-4F43-AF9F-796DFC5DBA79}"
EndProject
Global
	GlobalSection(SolutionConfigurationPlatforms) = preSolution
		Debug|Any CPU = Debug|Any CPU
		Release|Any CPU = Release|Any CPU
	EndGlobalSection
	GlobalSection(ProjectConfigurationPlatforms) = postSolution
		{A963A0FD-3D8C-4F43-AF9F-796DFC5DBA79}.Debug|Any CPU.ActiveCfg = Debug|Any CPU
		{A963A0FD-3D8C-4F43-AF9F-796DFC5DBA79}.Debug|Any CPU.Build.0 = Debug|Any CPU
		{A963A0FD-3D8C-4F43-AF9F-796DFC5DBA79}.Release|Any CPU.ActiveCfg = Release|Any CPU
		{A963A0FD-3D8C-4F43-AF9F-796DFC5DBA79}.Release|Any CPU.Build.0 = Release|Any CPU
	EndGlobalSection
	GlobalSection(SolutionProperties) = preSolution
		HideSolutionNode = FALSE
	EndGlobalSection
	GlobalSection(ExtensibilityGlobals) = postSolution
		SolutionGuid = {3C60DBCC-E9B8-4612-BBD5-6C9BB051F319}
	EndGlobalSection
EndGlobal
